
Microsoft Visual Studio Solution File, Format Version 12.00
# Visual Studio Version 17
VisualStudioVersion = 17.7.34221.43
MinimumVisualStudioVersion = 10.0.40219.1
Project("{FAE04EC0-301F-11D3-BF4B-00C04F79EFBC}") = "ProductWebMVC", "ProductWebMVC\ProductWebMVC.csproj", "{9483F3A2-45A7-4A5E-86AF-80113942D590}"
EndProject
Global
	GlobalSection(SolutionConfigurationPlatforms) = preSolution
		Debug|Any CPU = Debug|Any CPU
		Release|Any CPU = Release|Any CPU
	EndGlobalSection
	GlobalSection(ProjectConfigurationPlatforms) = postSolution
		{9483F3A2-45A7-4A5E-86AF-80113942D590}.Debug|Any CPU.ActiveCfg = Debug|Any CPU
		{9483F3A2-45A7-4A5E-86AF-80113942D590}.Debug|Any CPU.Build.0 = Debug|Any CPU
		{9483F3A2-45A7-4A5E-86AF-80113942D590}.Release|Any CPU.ActiveCfg = Release|Any CPU
		{9483F3A2-45A7-4A5E-86AF-80113942D590}.Release|Any CPU.Build.0 = Release|Any CPU
	EndGlobalSection
	GlobalSection(SolutionProperties) = preSolution
		HideSolutionNode = FALSE
	EndGlobalSection
	GlobalSection(ExtensibilityGlobals) = postSolution
		SolutionGuid = {5B7C2398-8D0A-4BFB-AC3C-55B67F2A6C4C}
	EndGlobalSection
EndGlobal
